{
  "name": "Open-Assistant",
  "lockfileVersion": 3,
  "requires": true,
  "packages": {
    "": {
      "dependencies": {
        "@inlang/cli": "^0.9.16"
      }
    },
    "node_modules/@inlang/cli": {
      "version": "0.9.16",
      "resolved": "https://registry.npmjs.org/@inlang/cli/-/cli-0.9.16.tgz",
      "integrity": "sha512-51P3/2qWkGeJ7noySjsz+PmQ2xBRqLQ/QXtAQVMt156CfftcOcBfVQdGNgtw1I1NSmSNObd8Ihvcr5+QkPt0Cg==",
      "bin": {
        "inlang": "bin/run.js"
      },
      "engines": {
        "node": ">=16.15.0"
      }
    }
  }
}
