{
  "husky": {
    "hooks": {
      "pre-commit": "lint-staged"
    }
  },
  "lint-staged": {
    "*.{js,jsx,ts,tsx,json,css,scss,md}": [
      "prettier --write",
      "git add"
    ]
  }
}
{
  "husky": {
    "hooks": {
      "pre-commit": "lint-staged"
    }
  },
  "lint-staged": {
    "*.{js,jsx,ts,tsx,json,css,scss,md}": [
      "prettier --write",
      "git add"
    ]
  }
}
